
Microsoft Visual Studio Solution File, Format Version 12.00
# Visual Studio 15
VisualStudioVersion = 15.0.28010.2019
MinimumVisualStudioVersion = 10.0.40219.1
Project("{FAE04EC0-301F-11D3-BF4B-00C04F79EFBC}") = "ChatAspNetCoreSignalR", "ChatAspNetCoreSignalR\ChatAspNetCoreSignalR.csproj", "{FE80CD4F-5A85-4FB0-BC0F-1EBB10CF8373}"
EndProject
Global
	GlobalSection(SolutionConfigurationPlatforms) = preSolution
		Debug|Any CPU = Debug|Any CPU
		Release|Any CPU = Release|Any CPU
	EndGlobalSection
	GlobalSection(ProjectConfigurationPlatforms) = postSolution
		{FE80CD4F-5A85-4FB0-BC0F-1EBB10CF8373}.Debug|Any CPU.ActiveCfg = Debug|Any CPU
		{FE80CD4F-5A85-4FB0-BC0F-1EBB10CF8373}.Debug|Any CPU.Build.0 = Debug|Any CPU
		{FE80CD4F-5A85-4FB0-BC0F-1EBB10CF8373}.Release|Any CPU.ActiveCfg = Release|Any CPU
		{FE80CD4F-5A85-4FB0-BC0F-1EBB10CF8373}.Release|Any CPU.Build.0 = Release|Any CPU
	EndGlobalSection
	GlobalSection(SolutionProperties) = preSolution
		HideSolutionNode = FALSE
	EndGlobalSection
	GlobalSection(ExtensibilityGlobals) = postSolution
		SolutionGuid = {5B70EE77-DA31-4F23-900E-1C5CD11BA9B2}
	EndGlobalSection
EndGlobal
